// !$*UTF8*$!
{
	archiveVersion = 1;
	classes = {
	};
	objectVersion = 51;
	objects = {

/* Begin PBXBuildFile section */
		1F805CCF7EBE4BECE3D95250 /* Pods_TripPlanner.framework in Frameworks */ = {isa = PBXBuildFile; fileRef = 1E656C78F9E3B00896A033FF /* Pods_TripPlanner.framework */; };
		A83CBF2524065FFD0067709B /* AddScheduleViewController.swift in Sources */ = {isa = PBXBuildFile; fileRef = A83CBF2424065FFD0067709B /* AddScheduleViewController.swift */; };
		A8442C69242EE938003819E9 /* AddContactsViewController.swift in Sources */ = {isa = PBXBuildFile; fileRef = A8442C68242EE938003819E9 /* AddContactsViewController.swift */; };
		A864F7E1243286B600C43FD8 /* SearchUsersTableViewCell.swift in Sources */ = {isa = PBXBuildFile; fileRef = A864F7E0243286B600C43FD8 /* SearchUsersTableViewCell.swift */; };
		A868641923DF7B7D00EBFA35 /* AppDelegate.swift in Sources */ = {isa = PBXBuildFile; fileRef = A868641823DF7B7D00EBFA35 /* AppDelegate.swift */; };
		A868641B23DF7B7D00EBFA35 /* SceneDelegate.swift in Sources */ = {isa = PBXBuildFile; fileRef = A868641A23DF7B7D00EBFA35 /* SceneDelegate.swift */; };
		A868642023DF7B7D00EBFA35 /* EventsMain.storyboard in Resources */ = {isa = PBXBuildFile; fileRef = A868641E23DF7B7D00EBFA35 /* EventsMain.storyboard */; };
		A868642223DF7B7E00EBFA35 /* Assets.xcassets in Resources */ = {isa = PBXBuildFile; fileRef = A868642123DF7B7E00EBFA35 /* Assets.xcassets */; };
		A868642523DF7B7E00EBFA35 /* LaunchScreen.storyboard in Resources */ = {isa = PBXBuildFile; fileRef = A868642323DF7B7E00EBFA35 /* LaunchScreen.storyboard */; };
		A868643123DF89B600EBFA35 /* ContainerController.swift in Sources */ = {isa = PBXBuildFile; fileRef = A868643023DF89B600EBFA35 /* ContainerController.swift */; };
		A868643323DF89D400EBFA35 /* EventsMainViewController.swift in Sources */ = {isa = PBXBuildFile; fileRef = A868643223DF89D400EBFA35 /* EventsMainViewController.swift */; };
		A868643523DF89E300EBFA35 /* MenuViewController.swift in Sources */ = {isa = PBXBuildFile; fileRef = A868643423DF89E300EBFA35 /* MenuViewController.swift */; };
		A86ED931240372060066AE21 /* AddEventViewController.swift in Sources */ = {isa = PBXBuildFile; fileRef = A86ED930240372060066AE21 /* AddEventViewController.swift */; };
		A89503E7240756A900A47C28 /* EventChatViewController.swift in Sources */ = {isa = PBXBuildFile; fileRef = A89503E6240756A900A47C28 /* EventChatViewController.swift */; };
		A8A1071323E0BC2F008C4D59 /* MenuSlideInTransition.swift in Sources */ = {isa = PBXBuildFile; fileRef = A8A1071223E0BC2F008C4D59 /* MenuSlideInTransition.swift */; };
		A8A1074223E2663D008C4D59 /* ContactsViewController.swift in Sources */ = {isa = PBXBuildFile; fileRef = A8A1074123E2663D008C4D59 /* ContactsViewController.swift */; };
		A8A1074723E354D1008C4D59 /* Main.storyboard in Resources */ = {isa = PBXBuildFile; fileRef = A8A1074623E354D1008C4D59 /* Main.storyboard */; };
		A8A1074923E3958F008C4D59 /* GoogleService-Info.plist in Resources */ = {isa = PBXBuildFile; fileRef = A8A1074823E3958F008C4D59 /* GoogleService-Info.plist */; };
		A8A1074C23E3A1F9008C4D59 /* WelcomeScreenViewController.swift in Sources */ = {isa = PBXBuildFile; fileRef = A8A1074B23E3A1F9008C4D59 /* WelcomeScreenViewController.swift */; };
		A8A1074E23E3C749008C4D59 /* LoginViewController.swift in Sources */ = {isa = PBXBuildFile; fileRef = A8A1074D23E3C749008C4D59 /* LoginViewController.swift */; };
		A8A1075023E3C759008C4D59 /* SignupViewController.swift in Sources */ = {isa = PBXBuildFile; fileRef = A8A1074F23E3C759008C4D59 /* SignupViewController.swift */; };
		A8A1075223E9E8B9008C4D59 /* SearchContactsViewController.swift in Sources */ = {isa = PBXBuildFile; fileRef = A8A1075123E9E8B9008C4D59 /* SearchContactsViewController.swift */; };
		A8B6C88A2456C64E00256C74 /* AddScheduleLocationViewController.swift in Sources */ = {isa = PBXBuildFile; fileRef = A8B6C8892456C64D00256C74 /* AddScheduleLocationViewController.swift */; };
		A8BBA5EF2432E0F200D9EF74 /* User.swift in Sources */ = {isa = PBXBuildFile; fileRef = A8BBA5EE2432E0F200D9EF74 /* User.swift */; };
		A8EE0FF624047FF1004CF76E /* EventProfileImage.swift in Sources */ = {isa = PBXBuildFile; fileRef = A8EE0FF524047FF1004CF76E /* EventProfileImage.swift */; };
		A8EE0FFA2404A49D004CF76E /* ContactTableViewCell.swift in Sources */ = {isa = PBXBuildFile; fileRef = A8EE0FF92404A49D004CF76E /* ContactTableViewCell.swift */; };
		A8EE0FFC2404AC56004CF76E /* PrivateMessageViewController.swift in Sources */ = {isa = PBXBuildFile; fileRef = A8EE0FFB2404AC56004CF76E /* PrivateMessageViewController.swift */; };
		A8EE0FFE2404CDCC004CF76E /* Message.swift in Sources */ = {isa = PBXBuildFile; fileRef = A8EE0FFD2404CDCC004CF76E /* Message.swift */; };
		A8EE10002404D24C004CF76E /* MessageUser.swift in Sources */ = {isa = PBXBuildFile; fileRef = A8EE0FFF2404D24C004CF76E /* MessageUser.swift */; };
		A8EE10022405A8AE004CF76E /* InviteFriendsTableViewCell.swift in Sources */ = {isa = PBXBuildFile; fileRef = A8EE10012405A8AE004CF76E /* InviteFriendsTableViewCell.swift */; };
		A8EE10042405A9DB004CF76E /* InviteFriendsViewController.swift in Sources */ = {isa = PBXBuildFile; fileRef = A8EE10032405A9DB004CF76E /* InviteFriendsViewController.swift */; };
		A8EE10062405EE87004CF76E /* SelectedFriendsTableViewCell.swift in Sources */ = {isa = PBXBuildFile; fileRef = A8EE10052405EE87004CF76E /* SelectedFriendsTableViewCell.swift */; };
		A8EE100824061D1E004CF76E /* EventMainPageViewController.swift in Sources */ = {isa = PBXBuildFile; fileRef = A8EE100724061D1E004CF76E /* EventMainPageViewController.swift */; };
		A8EE100A240633E9004CF76E /* EventScheduleViewController.swift in Sources */ = {isa = PBXBuildFile; fileRef = A8EE1009240633E9004CF76E /* EventScheduleViewController.swift */; };
		A8EE100C24063456004CF76E /* EventScheduleTableViewCell.swift in Sources */ = {isa = PBXBuildFile; fileRef = A8EE100B24063456004CF76E /* EventScheduleTableViewCell.swift */; };
		A8EE100E2406387A004CF76E /* EventMembersViewController.swift in Sources */ = {isa = PBXBuildFile; fileRef = A8EE100D2406387A004CF76E /* EventMembersViewController.swift */; };
		A8F9783F2433E605001D9794 /* SettingTableViewCell.swift in Sources */ = {isa = PBXBuildFile; fileRef = A8F9783C2433E605001D9794 /* SettingTableViewCell.swift */; };
		A8F978402433E605001D9794 /* UsernameViewController.swift in Sources */ = {isa = PBXBuildFile; fileRef = A8F9783D2433E605001D9794 /* UsernameViewController.swift */; };
		A8F978412433E605001D9794 /* SettingsViewController.swift in Sources */ = {isa = PBXBuildFile; fileRef = A8F9783E2433E605001D9794 /* SettingsViewController.swift */; };
		A8F99C982404601A00A6FAF4 /* EventsTableViewCell.swift in Sources */ = {isa = PBXBuildFile; fileRef = A8F99C972404601A00A6FAF4 /* EventsTableViewCell.swift */; };
		A8FDD80B243575CF00C99AC6 /* SettingsTableViewController.swift in Sources */ = {isa = PBXBuildFile; fileRef = A8FDD80A243575CF00C99AC6 /* SettingsTableViewController.swift */; };
		A8FDD80D243672CB00C99AC6 /* SettingsProfileTableViewCell.swift in Sources */ = {isa = PBXBuildFile; fileRef = A8FDD80C243672CB00C99AC6 /* SettingsProfileTableViewCell.swift */; };
		A8FDD80F2437172900C99AC6 /* AddLocationViewController.swift in Sources */ = {isa = PBXBuildFile; fileRef = A8FDD80E2437172900C99AC6 /* AddLocationViewController.swift */; };
		A8FDD811243719BE00C99AC6 /* SearchLocationTableViewController.swift in Sources */ = {isa = PBXBuildFile; fileRef = A8FDD810243719BE00C99AC6 /* SearchLocationTableViewController.swift */; };
/* End PBXBuildFile section */

/* Begin PBXFileReference section */
		1E656C78F9E3B00896A033FF /* Pods_TripPlanner.framework */ = {isa = PBXFileReference; explicitFileType = wrapper.framework; includeInIndex = 0; path = Pods_TripPlanner.framework; sourceTree = BUILT_PRODUCTS_DIR; };
		84DA82B83516E8688B47526C /* Pods-TripPlanner.release.xcconfig */ = {isa = PBXFileReference; includeInIndex = 1; lastKnownFileType = text.xcconfig; name = "Pods-TripPlanner.release.xcconfig"; path = "Target Support Files/Pods-TripPlanner/Pods-TripPlanner.release.xcconfig"; sourceTree = "<group>"; };
		A83CBF2424065FFD0067709B /* AddScheduleViewController.swift */ = {isa = PBXFileReference; lastKnownFileType = sourcecode.swift; path = AddScheduleViewController.swift; sourceTree = "<group>"; };
		A8442C68242EE938003819E9 /* AddContactsViewController.swift */ = {isa = PBXFileReference; lastKnownFileType = sourcecode.swift; path = AddContactsViewController.swift; sourceTree = "<group>"; };
		A864F7E0243286B600C43FD8 /* SearchUsersTableViewCell.swift */ = {isa = PBXFileReference; lastKnownFileType = sourcecode.swift; path = SearchUsersTableViewCell.swift; sourceTree = "<group>"; };
		A868641523DF7B7D00EBFA35 /* HangoutPlanner.app */ = {isa = PBXFileReference; explicitFileType = wrapper.application; includeInIndex = 0; path = HangoutPlanner.app; sourceTree = BUILT_PRODUCTS_DIR; };
		A868641823DF7B7D00EBFA35 /* AppDelegate.swift */ = {isa = PBXFileReference; lastKnownFileType = sourcecode.swift; path = AppDelegate.swift; sourceTree = "<group>"; };
		A868641A23DF7B7D00EBFA35 /* SceneDelegate.swift */ = {isa = PBXFileReference; lastKnownFileType = sourcecode.swift; path = SceneDelegate.swift; sourceTree = "<group>"; };
		A868641F23DF7B7D00EBFA35 /* Base */ = {isa = PBXFileReference; lastKnownFileType = file.storyboard; name = Base; path = Base.lproj/EventsMain.storyboard; sourceTree = "<group>"; };
		A868642123DF7B7E00EBFA35 /* Assets.xcassets */ = {isa = PBXFileReference; lastKnownFileType = folder.assetcatalog; path = Assets.xcassets; sourceTree = "<group>"; };
		A868642423DF7B7E00EBFA35 /* Base */ = {isa = PBXFileReference; lastKnownFileType = file.storyboard; name = Base; path = Base.lproj/LaunchScreen.storyboard; sourceTree = "<group>"; };
		A868642623DF7B7E00EBFA35 /* Info.plist */ = {isa = PBXFileReference; lastKnownFileType = text.plist.xml; path = Info.plist; sourceTree = "<group>"; };
		A868643023DF89B600EBFA35 /* ContainerController.swift */ = {isa = PBXFileReference; lastKnownFileType = sourcecode.swift; path = ContainerController.swift; sourceTree = "<group>"; };
		A868643223DF89D400EBFA35 /* EventsMainViewController.swift */ = {isa = PBXFileReference; lastKnownFileType = sourcecode.swift; path = EventsMainViewController.swift; sourceTree = "<group>"; };
		A868643423DF89E300EBFA35 /* MenuViewController.swift */ = {isa = PBXFileReference; lastKnownFileType = sourcecode.swift; path = MenuViewController.swift; sourceTree = "<group>"; };
		A86ED930240372060066AE21 /* AddEventViewController.swift */ = {isa = PBXFileReference; lastKnownFileType = sourcecode.swift; path = AddEventViewController.swift; sourceTree = "<group>"; };
		A89503E6240756A900A47C28 /* EventChatViewController.swift */ = {isa = PBXFileReference; lastKnownFileType = sourcecode.swift; path = EventChatViewController.swift; sourceTree = "<group>"; };
		A8A1071223E0BC2F008C4D59 /* MenuSlideInTransition.swift */ = {isa = PBXFileReference; lastKnownFileType = sourcecode.swift; path = MenuSlideInTransition.swift; sourceTree = "<group>"; };
		A8A1074123E2663D008C4D59 /* ContactsViewController.swift */ = {isa = PBXFileReference; lastKnownFileType = sourcecode.swift; path = ContactsViewController.swift; sourceTree = "<group>"; };
		A8A1074623E354D1008C4D59 /* Main.storyboard */ = {isa = PBXFileReference; lastKnownFileType = file.storyboard; path = Main.storyboard; sourceTree = "<group>"; };
		A8A1074823E3958F008C4D59 /* GoogleService-Info.plist */ = {isa = PBXFileReference; fileEncoding = 4; lastKnownFileType = text.plist.xml; path = "GoogleService-Info.plist"; sourceTree = "<group>"; };
		A8A1074B23E3A1F9008C4D59 /* WelcomeScreenViewController.swift */ = {isa = PBXFileReference; lastKnownFileType = sourcecode.swift; path = WelcomeScreenViewController.swift; sourceTree = "<group>"; };
		A8A1074D23E3C749008C4D59 /* LoginViewController.swift */ = {isa = PBXFileReference; lastKnownFileType = sourcecode.swift; name = LoginViewController.swift; path = TripPlanner/Storyboards/LoginViewController.swift; sourceTree = SOURCE_ROOT; };
		A8A1074F23E3C759008C4D59 /* SignupViewController.swift */ = {isa = PBXFileReference; lastKnownFileType = sourcecode.swift; path = SignupViewController.swift; sourceTree = "<group>"; };
		A8A1075123E9E8B9008C4D59 /* SearchContactsViewController.swift */ = {isa = PBXFileReference; lastKnownFileType = sourcecode.swift; name = SearchContactsViewController.swift; path = TripPlanner/Controllers/SearchContactsViewController.swift; sourceTree = SOURCE_ROOT; };
		A8B6C8892456C64D00256C74 /* AddScheduleLocationViewController.swift */ = {isa = PBXFileReference; lastKnownFileType = sourcecode.swift; path = AddScheduleLocationViewController.swift; sourceTree = "<group>"; };
		A8BBA5EE2432E0F200D9EF74 /* User.swift */ = {isa = PBXFileReference; lastKnownFileType = sourcecode.swift; path = User.swift; sourceTree = "<group>"; };
		A8EE0FF524047FF1004CF76E /* EventProfileImage.swift */ = {isa = PBXFileReference; lastKnownFileType = sourcecode.swift; path = EventProfileImage.swift; sourceTree = "<group>"; };
		A8EE0FF92404A49D004CF76E /* ContactTableViewCell.swift */ = {isa = PBXFileReference; lastKnownFileType = sourcecode.swift; path = ContactTableViewCell.swift; sourceTree = "<group>"; };
		A8EE0FFB2404AC56004CF76E /* PrivateMessageViewController.swift */ = {isa = PBXFileReference; lastKnownFileType = sourcecode.swift; path = PrivateMessageViewController.swift; sourceTree = "<group>"; };
		A8EE0FFD2404CDCC004CF76E /* Message.swift */ = {isa = PBXFileReference; lastKnownFileType = sourcecode.swift; path = Message.swift; sourceTree = "<group>"; };
		A8EE0FFF2404D24C004CF76E /* MessageUser.swift */ = {isa = PBXFileReference; lastKnownFileType = sourcecode.swift; path = MessageUser.swift; sourceTree = "<group>"; };
		A8EE10012405A8AE004CF76E /* InviteFriendsTableViewCell.swift */ = {isa = PBXFileReference; lastKnownFileType = sourcecode.swift; path = InviteFriendsTableViewCell.swift; sourceTree = "<group>"; };
		A8EE10032405A9DB004CF76E /* InviteFriendsViewController.swift */ = {isa = PBXFileReference; lastKnownFileType = sourcecode.swift; path = InviteFriendsViewController.swift; sourceTree = "<group>"; };
		A8EE10052405EE87004CF76E /* SelectedFriendsTableViewCell.swift */ = {isa = PBXFileReference; lastKnownFileType = sourcecode.swift; path = SelectedFriendsTableViewCell.swift; sourceTree = "<group>"; };
		A8EE100724061D1E004CF76E /* EventMainPageViewController.swift */ = {isa = PBXFileReference; lastKnownFileType = sourcecode.swift; path = EventMainPageViewController.swift; sourceTree = "<group>"; };
		A8EE1009240633E9004CF76E /* EventScheduleViewController.swift */ = {isa = PBXFileReference; lastKnownFileType = sourcecode.swift; path = EventScheduleViewController.swift; sourceTree = "<group>"; };
		A8EE100B24063456004CF76E /* EventScheduleTableViewCell.swift */ = {isa = PBXFileReference; lastKnownFileType = sourcecode.swift; path = EventScheduleTableViewCell.swift; sourceTree = "<group>"; };
		A8EE100D2406387A004CF76E /* EventMembersViewController.swift */ = {isa = PBXFileReference; lastKnownFileType = sourcecode.swift; path = EventMembersViewController.swift; sourceTree = "<group>"; };
		A8F9783C2433E605001D9794 /* SettingTableViewCell.swift */ = {isa = PBXFileReference; fileEncoding = 4; lastKnownFileType = sourcecode.swift; path = SettingTableViewCell.swift; sourceTree = "<group>"; };
		A8F9783D2433E605001D9794 /* UsernameViewController.swift */ = {isa = PBXFileReference; fileEncoding = 4; lastKnownFileType = sourcecode.swift; path = UsernameViewController.swift; sourceTree = "<group>"; };
		A8F9783E2433E605001D9794 /* SettingsViewController.swift */ = {isa = PBXFileReference; fileEncoding = 4; lastKnownFileType = sourcecode.swift; path = SettingsViewController.swift; sourceTree = "<group>"; };
		A8F99C972404601A00A6FAF4 /* EventsTableViewCell.swift */ = {isa = PBXFileReference; lastKnownFileType = sourcecode.swift; path = EventsTableViewCell.swift; sourceTree = "<group>"; };
		A8FDD80A243575CF00C99AC6 /* SettingsTableViewController.swift */ = {isa = PBXFileReference; fileEncoding = 4; lastKnownFileType = sourcecode.swift; path = SettingsTableViewController.swift; sourceTree = "<group>"; };
		A8FDD80C243672CB00C99AC6 /* SettingsProfileTableViewCell.swift */ = {isa = PBXFileReference; lastKnownFileType = sourcecode.swift; name = SettingsProfileTableViewCell.swift; path = TripPlanner/Controllers/SettingsController/Cells/SettingsProfileTableViewCell.swift; sourceTree = "<group>"; };
		A8FDD80E2437172900C99AC6 /* AddLocationViewController.swift */ = {isa = PBXFileReference; lastKnownFileType = sourcecode.swift; path = AddLocationViewController.swift; sourceTree = "<group>"; };
		A8FDD810243719BE00C99AC6 /* SearchLocationTableViewController.swift */ = {isa = PBXFileReference; lastKnownFileType = sourcecode.swift; name = SearchLocationTableViewController.swift; path = TripPlanner/Controllers/EventsControllers/SearchLocationTableViewController.swift; sourceTree = SOURCE_ROOT; };
		F3AB855DD53F4A790608BFB1 /* Pods-TripPlanner.debug.xcconfig */ = {isa = PBXFileReference; includeInIndex = 1; lastKnownFileType = text.xcconfig; name = "Pods-TripPlanner.debug.xcconfig"; path = "Target Support Files/Pods-TripPlanner/Pods-TripPlanner.debug.xcconfig"; sourceTree = "<group>"; };
/* End PBXFileReference section */

/* Begin PBXFrameworksBuildPhase section */
		A868641223DF7B7D00EBFA35 /* Frameworks */ = {
			isa = PBXFrameworksBuildPhase;
			buildActionMask = 2147483647;
			files = (
				1F805CCF7EBE4BECE3D95250 /* Pods_TripPlanner.framework in Frameworks */,
			);
			runOnlyForDeploymentPostprocessing = 0;
		};
/* End PBXFrameworksBuildPhase section */

/* Begin PBXGroup section */
		8FAEC461137894084DE60DB0 /* Pods */ = {
			isa = PBXGroup;
			children = (
				F3AB855DD53F4A790608BFB1 /* Pods-TripPlanner.debug.xcconfig */,
				84DA82B83516E8688B47526C /* Pods-TripPlanner.release.xcconfig */,
			);
			path = Pods;
			sourceTree = "<group>";
		};
		A868640C23DF7B7D00EBFA35 = {
			isa = PBXGroup;
			children = (
				A8FDD80C243672CB00C99AC6 /* SettingsProfileTableViewCell.swift */,
				A8F99C642404245E00A6FAF4 /* Resources */,
				A868641723DF7B7D00EBFA35 /* TripPlanner */,
				A868641623DF7B7D00EBFA35 /* Products */,
				8FAEC461137894084DE60DB0 /* Pods */,
				DEB6D9B79FEE1E03582326E2 /* Frameworks */,
			);
			sourceTree = "<group>";
		};
		A868641623DF7B7D00EBFA35 /* Products */ = {
			isa = PBXGroup;
			children = (
				A868641523DF7B7D00EBFA35 /* HangoutPlanner.app */,
			);
			name = Products;
			sourceTree = "<group>";
		};
		A868641723DF7B7D00EBFA35 /* TripPlanner */ = {
			isa = PBXGroup;
			children = (
				A8A1074523E354AB008C4D59 /* Storyboards */,
				A868642F23DF896000EBFA35 /* Utils */,
				A868642E23DF895B00EBFA35 /* Models */,
				A868642D23DF895900EBFA35 /* Views */,
				A868642C23DF895600EBFA35 /* Controllers */,
				A868641823DF7B7D00EBFA35 /* AppDelegate.swift */,
				A868641A23DF7B7D00EBFA35 /* SceneDelegate.swift */,
				A868642123DF7B7E00EBFA35 /* Assets.xcassets */,
				A8A1074823E3958F008C4D59 /* GoogleService-Info.plist */,
				A868642623DF7B7E00EBFA35 /* Info.plist */,
			);
			path = TripPlanner;
			sourceTree = "<group>";
		};
		A868642C23DF895600EBFA35 /* Controllers */ = {
			isa = PBXGroup;
			children = (
				A8F9783A2433E605001D9794 /* SettingsControllers */,
				A8EE0FF72404A30E004CF76E /* ContactsControllers */,
				A86ED92F240370DB0066AE21 /* EventsControllers */,
				A8A1074A23E3A1C9008C4D59 /* LoginControllers */,
				A8A1075123E9E8B9008C4D59 /* SearchContactsViewController.swift */,
				A868643023DF89B600EBFA35 /* ContainerController.swift */,
				A868643423DF89E300EBFA35 /* MenuViewController.swift */,
			);
			path = Controllers;
			sourceTree = "<group>";
		};
		A868642D23DF895900EBFA35 /* Views */ = {
			isa = PBXGroup;
			children = (
			);
			path = Views;
			sourceTree = "<group>";
		};
		A868642E23DF895B00EBFA35 /* Models */ = {
			isa = PBXGroup;
			children = (
				A8A1071123E0BC06008C4D59 /* Transitions */,
			);
			path = Models;
			sourceTree = "<group>";
		};
		A868642F23DF896000EBFA35 /* Utils */ = {
			isa = PBXGroup;
			children = (
			);
			path = Utils;
			sourceTree = "<group>";
		};
		A86ED92F240370DB0066AE21 /* EventsControllers */ = {
			isa = PBXGroup;
			children = (
				A8F99C9624045FF100A6FAF4 /* Models */,
				A86ED930240372060066AE21 /* AddEventViewController.swift */,
				A8B6C8892456C64D00256C74 /* AddScheduleLocationViewController.swift */,
				A8FDD810243719BE00C99AC6 /* SearchLocationTableViewController.swift */,
				A868643223DF89D400EBFA35 /* EventsMainViewController.swift */,
				A8EE10032405A9DB004CF76E /* InviteFriendsViewController.swift */,
				A8FDD80E2437172900C99AC6 /* AddLocationViewController.swift */,
				A8EE100724061D1E004CF76E /* EventMainPageViewController.swift */,
				A8EE1009240633E9004CF76E /* EventScheduleViewController.swift */,
				A8EE100D2406387A004CF76E /* EventMembersViewController.swift */,
				A83CBF2424065FFD0067709B /* AddScheduleViewController.swift */,
				A89503E6240756A900A47C28 /* EventChatViewController.swift */,
			);
			path = EventsControllers;
			sourceTree = "<group>";
		};
		A8A1071123E0BC06008C4D59 /* Transitions */ = {
			isa = PBXGroup;
			children = (
				A8A1071223E0BC2F008C4D59 /* MenuSlideInTransition.swift */,
			);
			path = Transitions;
			sourceTree = "<group>";
		};
		A8A1074523E354AB008C4D59 /* Storyboards */ = {
			isa = PBXGroup;
			children = (
				A868642323DF7B7E00EBFA35 /* LaunchScreen.storyboard */,
				A868641E23DF7B7D00EBFA35 /* EventsMain.storyboard */,
				A8A1074623E354D1008C4D59 /* Main.storyboard */,
			);
			path = Storyboards;
			sourceTree = "<group>";
		};
		A8A1074A23E3A1C9008C4D59 /* LoginControllers */ = {
			isa = PBXGroup;
			children = (
				A8A1074D23E3C749008C4D59 /* LoginViewController.swift */,
				A8A1074F23E3C759008C4D59 /* SignupViewController.swift */,
				A8A1074B23E3A1F9008C4D59 /* WelcomeScreenViewController.swift */,
			);
			path = LoginControllers;
			sourceTree = "<group>";
		};
		A8BBA5F02432E0F900D9EF74 /* Cells */ = {
			isa = PBXGroup;
			children = (
				A864F7E0243286B600C43FD8 /* SearchUsersTableViewCell.swift */,
				A8EE0FF92404A49D004CF76E /* ContactTableViewCell.swift */,
			);
			path = Cells;
			sourceTree = "<group>";
		};
		A8EE0FF72404A30E004CF76E /* ContactsControllers */ = {
			isa = PBXGroup;
			children = (
				A8BBA5F02432E0F900D9EF74 /* Cells */,
				A8EE0FF82404A476004CF76E /* Models */,
				A8A1074123E2663D008C4D59 /* ContactsViewController.swift */,
				A8442C68242EE938003819E9 /* AddContactsViewController.swift */,
				A8EE0FFB2404AC56004CF76E /* PrivateMessageViewController.swift */,
			);
			path = ContactsControllers;
			sourceTree = "<group>";
		};
		A8EE0FF82404A476004CF76E /* Models */ = {
			isa = PBXGroup;
			children = (
				A8EE0FFD2404CDCC004CF76E /* Message.swift */,
				A8BBA5EE2432E0F200D9EF74 /* User.swift */,
				A8EE0FFF2404D24C004CF76E /* MessageUser.swift */,
			);
			path = Models;
			sourceTree = "<group>";
		};
		A8F9783A2433E605001D9794 /* SettingsControllers */ = {
			isa = PBXGroup;
			children = (
				A8F9783B2433E605001D9794 /* Models */,
				A8F9783D2433E605001D9794 /* UsernameViewController.swift */,
				A8FDD80A243575CF00C99AC6 /* SettingsTableViewController.swift */,
				A8F9783E2433E605001D9794 /* SettingsViewController.swift */,
			);
			name = SettingsControllers;
			path = ../../../../HangoutPlanner/TripPlanner/Controllers/SettingsControllers;
			sourceTree = "<group>";
		};
		A8F9783B2433E605001D9794 /* Models */ = {
			isa = PBXGroup;
			children = (
				A8F9783C2433E605001D9794 /* SettingTableViewCell.swift */,
			);
			path = Models;
			sourceTree = "<group>";
		};
		A8F99C642404245E00A6FAF4 /* Resources */ = {
			isa = PBXGroup;
			children = (
			);
			path = Resources;
			sourceTree = "<group>";
		};
		A8F99C9624045FF100A6FAF4 /* Models */ = {
			isa = PBXGroup;
			children = (
				A8F99C972404601A00A6FAF4 /* EventsTableViewCell.swift */,
				A8EE0FF524047FF1004CF76E /* EventProfileImage.swift */,
				A8EE10012405A8AE004CF76E /* InviteFriendsTableViewCell.swift */,
				A8EE10052405EE87004CF76E /* SelectedFriendsTableViewCell.swift */,
				A8EE100B24063456004CF76E /* EventScheduleTableViewCell.swift */,
			);
			path = Models;
			sourceTree = "<group>";
		};
		DEB6D9B79FEE1E03582326E2 /* Frameworks */ = {
			isa = PBXGroup;
			children = (
				1E656C78F9E3B00896A033FF /* Pods_TripPlanner.framework */,
			);
			name = Frameworks;
			sourceTree = "<group>";
		};
/* End PBXGroup section */

/* Begin PBXNativeTarget section */
		A868641423DF7B7D00EBFA35 /* TripPlanner */ = {
			isa = PBXNativeTarget;
			buildConfigurationList = A868642923DF7B7E00EBFA35 /* Build configuration list for PBXNativeTarget "TripPlanner" */;
			buildPhases = (
				88CB07390C18627D0AAACD12 /* [CP] Check Pods Manifest.lock */,
				A868641123DF7B7D00EBFA35 /* Sources */,
				A868641223DF7B7D00EBFA35 /* Frameworks */,
				A868641323DF7B7D00EBFA35 /* Resources */,
				11529E1D04A6DBC709DEF105 /* [CP] Embed Pods Frameworks */,
			);
			buildRules = (
			);
			dependencies = (
			);
			name = TripPlanner;
			productName = TripPlanner;
			productReference = A868641523DF7B7D00EBFA35 /* HangoutPlanner.app */;
			productType = "com.apple.product-type.application";
		};
/* End PBXNativeTarget section */

/* Begin PBXProject section */
		A868640D23DF7B7D00EBFA35 /* Project object */ = {
			isa = PBXProject;
			attributes = {
				LastSwiftUpdateCheck = 1130;
				LastUpgradeCheck = 1130;
				ORGANIZATIONNAME = Hamster;
				TargetAttributes = {
					A868641423DF7B7D00EBFA35 = {
						CreatedOnToolsVersion = 11.3.1;
					};
				};
			};
			buildConfigurationList = A868641023DF7B7D00EBFA35 /* Build configuration list for PBXProject "TripPlanner" */;
			compatibilityVersion = "Xcode 9.3";
			developmentRegion = en;
			hasScannedForEncodings = 0;
			knownRegions = (
				en,
				Base,
			);
			mainGroup = A868640C23DF7B7D00EBFA35;
			productRefGroup = A868641623DF7B7D00EBFA35 /* Products */;
			projectDirPath = "";
			projectRoot = "";
			targets = (
				A868641423DF7B7D00EBFA35 /* TripPlanner */,
			);
		};
/* End PBXProject section */

/* Begin PBXResourcesBuildPhase section */
		A868641323DF7B7D00EBFA35 /* Resources */ = {
			isa = PBXResourcesBuildPhase;
			buildActionMask = 2147483647;
			files = (
				A8A1074723E354D1008C4D59 /* Main.storyboard in Resources */,
				A868642523DF7B7E00EBFA35 /* LaunchScreen.storyboard in Resources */,
				A8A1074923E3958F008C4D59 /* GoogleService-Info.plist in Resources */,
				A868642223DF7B7E00EBFA35 /* Assets.xcassets in Resources */,
				A868642023DF7B7D00EBFA35 /* EventsMain.storyboard in Resources */,
			);
			runOnlyForDeploymentPostprocessing = 0;
		};
/* End PBXResourcesBuildPhase section */

/* Begin PBXShellScriptBuildPhase section */
		11529E1D04A6DBC709DEF105 /* [CP] Embed Pods Frameworks */ = {
			isa = PBXShellScriptBuildPhase;
			buildActionMask = 2147483647;
			files = (
			);
			inputFileListPaths = (
				"${PODS_ROOT}/Target Support Files/Pods-TripPlanner/Pods-TripPlanner-frameworks-${CONFIGURATION}-input-files.xcfilelist",
			);
			name = "[CP] Embed Pods Frameworks";
			outputFileListPaths = (
				"${PODS_ROOT}/Target Support Files/Pods-TripPlanner/Pods-TripPlanner-frameworks-${CONFIGURATION}-output-files.xcfilelist",
			);
			runOnlyForDeploymentPostprocessing = 0;
			shellPath = /bin/sh;
			shellScript = "\"${PODS_ROOT}/Target Support Files/Pods-TripPlanner/Pods-TripPlanner-frameworks.sh\"\n";
			showEnvVarsInLog = 0;
		};
		88CB07390C18627D0AAACD12 /* [CP] Check Pods Manifest.lock */ = {
			isa = PBXShellScriptBuildPhase;
			buildActionMask = 2147483647;
			files = (
			);
			inputFileListPaths = (
			);
			inputPaths = (
				"${PODS_PODFILE_DIR_PATH}/Podfile.lock",
				"${PODS_ROOT}/Manifest.lock",
			);
			name = "[CP] Check Pods Manifest.lock";
			outputFileListPaths = (
			);
			outputPaths = (
				"$(DERIVED_FILE_DIR)/Pods-TripPlanner-checkManifestLockResult.txt",
			);
			runOnlyForDeploymentPostprocessing = 0;
			shellPath = /bin/sh;
			shellScript = "diff \"${PODS_PODFILE_DIR_PATH}/Podfile.lock\" \"${PODS_ROOT}/Manifest.lock\" > /dev/null\nif [ $? != 0 ] ; then\n    # print error to STDERR\n    echo \"error: The sandbox is not in sync with the Podfile.lock. Run 'pod install' or update your CocoaPods installation.\" >&2\n    exit 1\nfi\n# This output is used by Xcode 'outputs' to avoid re-running this script phase.\necho \"SUCCESS\" > \"${SCRIPT_OUTPUT_FILE_0}\"\n";
			showEnvVarsInLog = 0;
		};
/* End PBXShellScriptBuildPhase section */

/* Begin PBXSourcesBuildPhase section */
		A868641123DF7B7D00EBFA35 /* Sources */ = {
			isa = PBXSourcesBuildPhase;
			buildActionMask = 2147483647;
			files = (
				A8BBA5EF2432E0F200D9EF74 /* User.swift in Sources */,
				A8EE10062405EE87004CF76E /* SelectedFriendsTableViewCell.swift in Sources */,
				A8B6C88A2456C64E00256C74 /* AddScheduleLocationViewController.swift in Sources */,
				A8EE10022405A8AE004CF76E /* InviteFriendsTableViewCell.swift in Sources */,
				A8FDD80D243672CB00C99AC6 /* SettingsProfileTableViewCell.swift in Sources */,
				A8EE100E2406387A004CF76E /* EventMembersViewController.swift in Sources */,
				A8A1071323E0BC2F008C4D59 /* MenuSlideInTransition.swift in Sources */,
				A8EE0FF624047FF1004CF76E /* EventProfileImage.swift in Sources */,
				A8FDD80B243575CF00C99AC6 /* SettingsTableViewController.swift in Sources */,
				A86ED931240372060066AE21 /* AddEventViewController.swift in Sources */,
				A8EE10042405A9DB004CF76E /* InviteFriendsViewController.swift in Sources */,
				A8EE100A240633E9004CF76E /* EventScheduleViewController.swift in Sources */,
				A8EE0FFE2404CDCC004CF76E /* Message.swift in Sources */,
				A8A1074223E2663D008C4D59 /* ContactsViewController.swift in Sources */,
				A8FDD811243719BE00C99AC6 /* SearchLocationTableViewController.swift in Sources */,
				A8EE0FFA2404A49D004CF76E /* ContactTableViewCell.swift in Sources */,
				A8A1075023E3C759008C4D59 /* SignupViewController.swift in Sources */,
				A868641923DF7B7D00EBFA35 /* AppDelegate.swift in Sources */,
				A868641B23DF7B7D00EBFA35 /* SceneDelegate.swift in Sources */,
				A8EE100824061D1E004CF76E /* EventMainPageViewController.swift in Sources */,
				A8442C69242EE938003819E9 /* AddContactsViewController.swift in Sources */,
				A8A1075223E9E8B9008C4D59 /* SearchContactsViewController.swift in Sources */,
				A83CBF2524065FFD0067709B /* AddScheduleViewController.swift in Sources */,
				A8F978402433E605001D9794 /* UsernameViewController.swift in Sources */,
				A868643123DF89B600EBFA35 /* ContainerController.swift in Sources */,
				A8F99C982404601A00A6FAF4 /* EventsTableViewCell.swift in Sources */,
				A8EE0FFC2404AC56004CF76E /* PrivateMessageViewController.swift in Sources */,
				A8F9783F2433E605001D9794 /* SettingTableViewCell.swift in Sources */,
				A8A1074C23E3A1F9008C4D59 /* WelcomeScreenViewController.swift in Sources */,
				A89503E7240756A900A47C28 /* EventChatViewController.swift in Sources */,
				A868643523DF89E300EBFA35 /* MenuViewController.swift in Sources */,
				A864F7E1243286B600C43FD8 /* SearchUsersTableViewCell.swift in Sources */,
				A868643323DF89D400EBFA35 /* EventsMainViewController.swift in Sources */,
				A8FDD80F2437172900C99AC6 /* AddLocationViewController.swift in Sources */,
				A8F978412433E605001D9794 /* SettingsViewController.swift in Sources */,
				A8EE100C24063456004CF76E /* EventScheduleTableViewCell.swift in Sources */,
				A8A1074E23E3C749008C4D59 /* LoginViewController.swift in Sources */,
				A8EE10002404D24C004CF76E /* MessageUser.swift in Sources */,
			);
			runOnlyForDeploymentPostprocessing = 0;
		};
/* End PBXSourcesBuildPhase section */

/* Begin PBXVariantGroup section */
		A868641E23DF7B7D00EBFA35 /* EventsMain.storyboard */ = {
			isa = PBXVariantGroup;
			children = (
				A868641F23DF7B7D00EBFA35 /* Base */,
			);
			name = EventsMain.storyboard;
			sourceTree = "<group>";
		};
		A868642323DF7B7E00EBFA35 /* LaunchScreen.storyboard */ = {
			isa = PBXVariantGroup;
			children = (
				A868642423DF7B7E00EBFA35 /* Base */,
			);
			name = LaunchScreen.storyboard;
			sourceTree = "<group>";
		};
/* End PBXVariantGroup section */

/* Begin XCBuildConfiguration section */
		A868642723DF7B7E00EBFA35 /* Debug */ = {
			isa = XCBuildConfiguration;
			buildSettings = {
				ALWAYS_SEARCH_USER_PATHS = NO;
				CLANG_ANALYZER_NONNULL = YES;
				CLANG_ANALYZER_NUMBER_OBJECT_CONVERSION = YES_AGGRESSIVE;
				CLANG_CXX_LANGUAGE_STANDARD = "gnu++14";
				CLANG_CXX_LIBRARY = "libc++";
				CLANG_ENABLE_MODULES = YES;
				CLANG_ENABLE_OBJC_ARC = YES;
				CLANG_ENABLE_OBJC_WEAK = YES;
				CLANG_WARN_BLOCK_CAPTURE_AUTORELEASING = YES;
				CLANG_WARN_BOOL_CONVERSION = YES;
				CLANG_WARN_COMMA = YES;
				CLANG_WARN_CONSTANT_CONVERSION = YES;
				CLANG_WARN_DEPRECATED_OBJC_IMPLEMENTATIONS = YES;
				CLANG_WARN_DIRECT_OBJC_ISA_USAGE = YES_ERROR;
				CLANG_WARN_DOCUMENTATION_COMMENTS = YES;
				CLANG_WARN_EMPTY_BODY = YES;
				CLANG_WARN_ENUM_CONVERSION = YES;
				CLANG_WARN_INFINITE_RECURSION = YES;
				CLANG_WARN_INT_CONVERSION = YES;
				CLANG_WARN_NON_LITERAL_NULL_CONVERSION = YES;
				CLANG_WARN_OBJC_IMPLICIT_RETAIN_SELF = YES;
				CLANG_WARN_OBJC_LITERAL_CONVERSION = YES;
				CLANG_WARN_OBJC_ROOT_CLASS = YES_ERROR;
				CLANG_WARN_RANGE_LOOP_ANALYSIS = YES;
				CLANG_WARN_STRICT_PROTOTYPES = YES;
				CLANG_WARN_SUSPICIOUS_MOVE = YES;
				CLANG_WARN_UNGUARDED_AVAILABILITY = YES_AGGRESSIVE;
				CLANG_WARN_UNREACHABLE_CODE = YES;
				CLANG_WARN__DUPLICATE_METHOD_MATCH = YES;
				COPY_PHASE_STRIP = NO;
				DEBUG_INFORMATION_FORMAT = dwarf;
				ENABLE_STRICT_OBJC_MSGSEND = YES;
				ENABLE_TESTABILITY = YES;
				GCC_C_LANGUAGE_STANDARD = gnu11;
				GCC_DYNAMIC_NO_PIC = NO;
				GCC_NO_COMMON_BLOCKS = YES;
				GCC_OPTIMIZATION_LEVEL = 0;
				GCC_PREPROCESSOR_DEFINITIONS = (
					"DEBUG=1",
					"$(inherited)",
				);
				GCC_WARN_64_TO_32_BIT_CONVERSION = YES;
				GCC_WARN_ABOUT_RETURN_TYPE = YES_ERROR;
				GCC_WARN_UNDECLARED_SELECTOR = YES;
				GCC_WARN_UNINITIALIZED_AUTOS = YES_AGGRESSIVE;
				GCC_WARN_UNUSED_FUNCTION = YES;
				GCC_WARN_UNUSED_VARIABLE = YES;
				IPHONEOS_DEPLOYMENT_TARGET = 13.2;
				MTL_ENABLE_DEBUG_INFO = INCLUDE_SOURCE;
				MTL_FAST_MATH = YES;
				ONLY_ACTIVE_ARCH = YES;
				SDKROOT = iphoneos;
				SWIFT_ACTIVE_COMPILATION_CONDITIONS = DEBUG;
				SWIFT_OPTIMIZATION_LEVEL = "-Onone";
			};
			name = Debug;
		};
		A868642823DF7B7E00EBFA35 /* Release */ = {
			isa = XCBuildConfiguration;
			buildSettings = {
				ALWAYS_SEARCH_USER_PATHS = NO;
				CLANG_ANALYZER_NONNULL = YES;
				CLANG_ANALYZER_NUMBER_OBJECT_CONVERSION = YES_AGGRESSIVE;
				CLANG_CXX_LANGUAGE_STANDARD = "gnu++14";
				CLANG_CXX_LIBRARY = "libc++";
				CLANG_ENABLE_MODULES = YES;
				CLANG_ENABLE_OBJC_ARC = YES;
				CLANG_ENABLE_OBJC_WEAK = YES;
				CLANG_WARN_BLOCK_CAPTURE_AUTORELEASING = YES;
				CLANG_WARN_BOOL_CONVERSION = YES;
				CLANG_WARN_COMMA = YES;
				CLANG_WARN_CONSTANT_CONVERSION = YES;
				CLANG_WARN_DEPRECATED_OBJC_IMPLEMENTATIONS = YES;
				CLANG_WARN_DIRECT_OBJC_ISA_USAGE = YES_ERROR;
				CLANG_WARN_DOCUMENTATION_COMMENTS = YES;
				CLANG_WARN_EMPTY_BODY = YES;
				CLANG_WARN_ENUM_CONVERSION = YES;
				CLANG_WARN_INFINITE_RECURSION = YES;
				CLANG_WARN_INT_CONVERSION = YES;
				CLANG_WARN_NON_LITERAL_NULL_CONVERSION = YES;
				CLANG_WARN_OBJC_IMPLICIT_RETAIN_SELF = YES;
				CLANG_WARN_OBJC_LITERAL_CONVERSION = YES;
				CLANG_WARN_OBJC_ROOT_CLASS = YES_ERROR;
				CLANG_WARN_RANGE_LOOP_ANALYSIS = YES;
				CLANG_WARN_STRICT_PROTOTYPES = YES;
				CLANG_WARN_SUSPICIOUS_MOVE = YES;
				CLANG_WARN_UNGUARDED_AVAILABILITY = YES_AGGRESSIVE;
				CLANG_WARN_UNREACHABLE_CODE = YES;
				CLANG_WARN__DUPLICATE_METHOD_MATCH = YES;
				COPY_PHASE_STRIP = NO;
				DEBUG_INFORMATION_FORMAT = "dwarf-with-dsym";
				ENABLE_NS_ASSERTIONS = NO;
				ENABLE_STRICT_OBJC_MSGSEND = YES;
				GCC_C_LANGUAGE_STANDARD = gnu11;
				GCC_NO_COMMON_BLOCKS = YES;
				GCC_WARN_64_TO_32_BIT_CONVERSION = YES;
				GCC_WARN_ABOUT_RETURN_TYPE = YES_ERROR;
				GCC_WARN_UNDECLARED_SELECTOR = YES;
				GCC_WARN_UNINITIALIZED_AUTOS = YES_AGGRESSIVE;
				GCC_WARN_UNUSED_FUNCTION = YES;
				GCC_WARN_UNUSED_VARIABLE = YES;
				IPHONEOS_DEPLOYMENT_TARGET = 13.2;
				MTL_ENABLE_DEBUG_INFO = NO;
				MTL_FAST_MATH = YES;
				SDKROOT = iphoneos;
				SWIFT_COMPILATION_MODE = wholemodule;
				SWIFT_OPTIMIZATION_LEVEL = "-O";
				VALIDATE_PRODUCT = YES;
			};
			name = Release;
		};
		A868642A23DF7B7E00EBFA35 /* Debug */ = {
			isa = XCBuildConfiguration;
			baseConfigurationReference = F3AB855DD53F4A790608BFB1 /* Pods-TripPlanner.debug.xcconfig */;
			buildSettings = {
				ASSETCATALOG_COMPILER_APPICON_NAME = AppIcon;
				CODE_SIGN_STYLE = Automatic;
				DEVELOPMENT_TEAM = B99X987539;
				INFOPLIST_FILE = TripPlanner/Info.plist;
				LD_RUNPATH_SEARCH_PATHS = (
					"$(inherited)",
					"@executable_path/Frameworks",
				);
				PRODUCT_BUNDLE_IDENTIFIER = com.chenmo.HangoutPlanner;
				PRODUCT_NAME = HangoutPlanner;
				SWIFT_VERSION = 5.0;
				TARGETED_DEVICE_FAMILY = "1,2";
			};
			name = Debug;
		};
		A868642B23DF7B7E00EBFA35 /* Release */ = {
			isa = XCBuildConfiguration;
			baseConfigurationReference = 84DA82B83516E8688B47526C /* Pods-TripPlanner.release.xcconfig */;
			buildSettings = {
				ASSETCATALOG_COMPILER_APPICON_NAME = AppIcon;
				CODE_SIGN_STYLE = Automatic;
				DEVELOPMENT_TEAM = B99X987539;
				INFOPLIST_FILE = TripPlanner/Info.plist;
				LD_RUNPATH_SEARCH_PATHS = (
					"$(inherited)",
					"@executable_path/Frameworks",
				);
				PRODUCT_BUNDLE_IDENTIFIER = com.chenmo.HangoutPlanner;
				PRODUCT_NAME = HangoutPlanner;
				SWIFT_VERSION = 5.0;
				TARGETED_DEVICE_FAMILY = "1,2";
			};
			name = Release;
		};
/* End XCBuildConfiguration section */

/* Begin XCConfigurationList section */
		A868641023DF7B7D00EBFA35 /* Build configuration list for PBXProject "TripPlanner" */ = {
			isa = XCConfigurationList;
			buildConfigurations = (
				A868642723DF7B7E00EBFA35 /* Debug */,
				A868642823DF7B7E00EBFA35 /* Release */,
			);
			defaultConfigurationIsVisible = 0;
			defaultConfigurationName = Release;
		};
		A868642923DF7B7E00EBFA35 /* Build configuration list for PBXNativeTarget "TripPlanner" */ = {
			isa = XCConfigurationList;
			buildConfigurations = (
				A868642A23DF7B7E00EBFA35 /* Debug */,
				A868642B23DF7B7E00EBFA35 /* Release */,
			);
			defaultConfigurationIsVisible = 0;
			defaultConfigurationName = Release;
		};
/* End XCConfigurationList section */
	};
	rootObject = A868640D23DF7B7D00EBFA35 /* Project object */;
}
