// !$*UTF8*$!
{
	archiveVersion = 1;
	classes = {
	};
	objectVersion = 50;
	objects = {

/* Begin PBXBuildFile section */
		A868641923DF7B7D00EBFA35 /* AppDelegate.swift in Sources */ = {isa = PBXBuildFile; fileRef = A868641823DF7B7D00EBFA35 /* AppDelegate.swift */; };
		A868641B23DF7B7D00EBFA35 /* SceneDelegate.swift in Sources */ = {isa = PBXBuildFile; fileRef = A868641A23DF7B7D00EBFA35 /* SceneDelegate.swift */; };
		A868642023DF7B7D00EBFA35 /* Main.storyboard in Resources */ = {isa = PBXBuildFile; fileRef = A868641E23DF7B7D00EBFA35 /* Main.storyboard */; };
		A868642223DF7B7E00EBFA35 /* Assets.xcassets in Resources */ = {isa = PBXBuildFile; fileRef = A868642123DF7B7E00EBFA35 /* Assets.xcassets */; };
		A868642523DF7B7E00EBFA35 /* LaunchScreen.storyboard in Resources */ = {isa = PBXBuildFile; fileRef = A868642323DF7B7E00EBFA35 /* LaunchScreen.storyboard */; };
		A868643123DF89B600EBFA35 /* ContainerController.swift in Sources */ = {isa = PBXBuildFile; fileRef = A868643023DF89B600EBFA35 /* ContainerController.swift */; };
		A868643323DF89D400EBFA35 /* EventsMainViewController.swift in Sources */ = {isa = PBXBuildFile; fileRef = A868643223DF89D400EBFA35 /* EventsMainViewController.swift */; };
		A868643523DF89E300EBFA35 /* MenuViewController.swift in Sources */ = {isa = PBXBuildFile; fileRef = A868643423DF89E300EBFA35 /* MenuViewController.swift */; };
		A8A1071323E0BC2F008C4D59 /* MenuSlideInTransition.swift in Sources */ = {isa = PBXBuildFile; fileRef = A8A1071223E0BC2F008C4D59 /* MenuSlideInTransition.swift */; };
		A8A1074223E2663D008C4D59 /* ContactsViewController.swift in Sources */ = {isa = PBXBuildFile; fileRef = A8A1074123E2663D008C4D59 /* ContactsViewController.swift */; };
		A8A1074423E2665A008C4D59 /* SettingsViewController.swift in Sources */ = {isa = PBXBuildFile; fileRef = A8A1074323E2665A008C4D59 /* SettingsViewController.swift */; };
/* End PBXBuildFile section */

/* Begin PBXFileReference section */
		A868641523DF7B7D00EBFA35 /* TripPlanner.app */ = {isa = PBXFileReference; explicitFileType = wrapper.application; includeInIndex = 0; path = TripPlanner.app; sourceTree = BUILT_PRODUCTS_DIR; };
		A868641823DF7B7D00EBFA35 /* AppDelegate.swift */ = {isa = PBXFileReference; lastKnownFileType = sourcecode.swift; path = AppDelegate.swift; sourceTree = "<group>"; };
		A868641A23DF7B7D00EBFA35 /* SceneDelegate.swift */ = {isa = PBXFileReference; lastKnownFileType = sourcecode.swift; path = SceneDelegate.swift; sourceTree = "<group>"; };
		A868641F23DF7B7D00EBFA35 /* Base */ = {isa = PBXFileReference; lastKnownFileType = file.storyboard; name = Base; path = Base.lproj/Main.storyboard; sourceTree = "<group>"; };
		A868642123DF7B7E00EBFA35 /* Assets.xcassets */ = {isa = PBXFileReference; lastKnownFileType = folder.assetcatalog; path = Assets.xcassets; sourceTree = "<group>"; };
		A868642423DF7B7E00EBFA35 /* Base */ = {isa = PBXFileReference; lastKnownFileType = file.storyboard; name = Base; path = Base.lproj/LaunchScreen.storyboard; sourceTree = "<group>"; };
		A868642623DF7B7E00EBFA35 /* Info.plist */ = {isa = PBXFileReference; lastKnownFileType = text.plist.xml; path = Info.plist; sourceTree = "<group>"; };
		A868643023DF89B600EBFA35 /* ContainerController.swift */ = {isa = PBXFileReference; lastKnownFileType = sourcecode.swift; path = ContainerController.swift; sourceTree = "<group>"; };
		A868643223DF89D400EBFA35 /* EventsMainViewController.swift */ = {isa = PBXFileReference; lastKnownFileType = sourcecode.swift; path = EventsMainViewController.swift; sourceTree = "<group>"; };
		A868643423DF89E300EBFA35 /* MenuViewController.swift */ = {isa = PBXFileReference; lastKnownFileType = sourcecode.swift; path = MenuViewController.swift; sourceTree = "<group>"; };
		A8A1071223E0BC2F008C4D59 /* MenuSlideInTransition.swift */ = {isa = PBXFileReference; lastKnownFileType = sourcecode.swift; path = MenuSlideInTransition.swift; sourceTree = "<group>"; };
		A8A1074123E2663D008C4D59 /* ContactsViewController.swift */ = {isa = PBXFileReference; lastKnownFileType = sourcecode.swift; path = ContactsViewController.swift; sourceTree = "<group>"; };
		A8A1074323E2665A008C4D59 /* SettingsViewController.swift */ = {isa = PBXFileReference; lastKnownFileType = sourcecode.swift; path = SettingsViewController.swift; sourceTree = "<group>"; };
/* End PBXFileReference section */

/* Begin PBXFrameworksBuildPhase section */
		A868641223DF7B7D00EBFA35 /* Frameworks */ = {
			isa = PBXFrameworksBuildPhase;
			buildActionMask = 2147483647;
			files = (
			);
			runOnlyForDeploymentPostprocessing = 0;
		};
/* End PBXFrameworksBuildPhase section */

/* Begin PBXGroup section */
		A868640C23DF7B7D00EBFA35 = {
			isa = PBXGroup;
			children = (
				A868641723DF7B7D00EBFA35 /* TripPlanner */,
				A868641623DF7B7D00EBFA35 /* Products */,
			);
			sourceTree = "<group>";
		};
		A868641623DF7B7D00EBFA35 /* Products */ = {
			isa = PBXGroup;
			children = (
				A868641523DF7B7D00EBFA35 /* TripPlanner.app */,
			);
			name = Products;
			sourceTree = "<group>";
		};
		A868641723DF7B7D00EBFA35 /* TripPlanner */ = {
			isa = PBXGroup;
			children = (
				A8A1071123E0BC06008C4D59 /* Transitions */,
				A868642F23DF896000EBFA35 /* Utils */,
				A868642E23DF895B00EBFA35 /* Models */,
				A868642D23DF895900EBFA35 /* Views */,
				A868642C23DF895600EBFA35 /* Controllers */,
				A868641823DF7B7D00EBFA35 /* AppDelegate.swift */,
				A868641A23DF7B7D00EBFA35 /* SceneDelegate.swift */,
				A868641E23DF7B7D00EBFA35 /* Main.storyboard */,
				A868642123DF7B7E00EBFA35 /* Assets.xcassets */,
				A868642323DF7B7E00EBFA35 /* LaunchScreen.storyboard */,
				A868642623DF7B7E00EBFA35 /* Info.plist */,
			);
			path = TripPlanner;
			sourceTree = "<group>";
		};
		A868642C23DF895600EBFA35 /* Controllers */ = {
			isa = PBXGroup;
			children = (
				A868643023DF89B600EBFA35 /* ContainerController.swift */,
				A868643223DF89D400EBFA35 /* EventsMainViewController.swift */,
				A868643423DF89E300EBFA35 /* MenuViewController.swift */,
				A8A1074123E2663D008C4D59 /* ContactsViewController.swift */,
				A8A1074323E2665A008C4D59 /* SettingsViewController.swift */,
			);
			path = Controllers;
			sourceTree = "<group>";
		};
		A868642D23DF895900EBFA35 /* Views */ = {
			isa = PBXGroup;
			children = (
			);
			path = Views;
			sourceTree = "<group>";
		};
		A868642E23DF895B00EBFA35 /* Models */ = {
			isa = PBXGroup;
			children = (
			);
			path = Models;
			sourceTree = "<group>";
		};
		A868642F23DF896000EBFA35 /* Utils */ = {
			isa = PBXGroup;
			children = (
			);
			path = Utils;
			sourceTree = "<group>";
		};
		A8A1071123E0BC06008C4D59 /* Transitions */ = {
			isa = PBXGroup;
			children = (
				A8A1071223E0BC2F008C4D59 /* MenuSlideInTransition.swift */,
			);
			path = Transitions;
			sourceTree = "<group>";
		};
/* End PBXGroup section */

/* Begin PBXNativeTarget section */
		A868641423DF7B7D00EBFA35 /* TripPlanner */ = {
			isa = PBXNativeTarget;
			buildConfigurationList = A868642923DF7B7E00EBFA35 /* Build configuration list for PBXNativeTarget "TripPlanner" */;
			buildPhases = (
				A868641123DF7B7D00EBFA35 /* Sources */,
				A868641223DF7B7D00EBFA35 /* Frameworks */,
				A868641323DF7B7D00EBFA35 /* Resources */,
			);
			buildRules = (
			);
			dependencies = (
			);
			name = TripPlanner;
			productName = TripPlanner;
			productReference = A868641523DF7B7D00EBFA35 /* TripPlanner.app */;
			productType = "com.apple.product-type.application";
		};
/* End PBXNativeTarget section */

/* Begin PBXProject section */
		A868640D23DF7B7D00EBFA35 /* Project object */ = {
			isa = PBXProject;
			attributes = {
				LastSwiftUpdateCheck = 1130;
				LastUpgradeCheck = 1130;
				ORGANIZATIONNAME = Hamster;
				TargetAttributes = {
					A868641423DF7B7D00EBFA35 = {
						CreatedOnToolsVersion = 11.3.1;
					};
				};
			};
			buildConfigurationList = A868641023DF7B7D00EBFA35 /* Build configuration list for PBXProject "TripPlanner" */;
			compatibilityVersion = "Xcode 9.3";
			developmentRegion = en;
			hasScannedForEncodings = 0;
			knownRegions = (
				en,
				Base,
			);
			mainGroup = A868640C23DF7B7D00EBFA35;
			productRefGroup = A868641623DF7B7D00EBFA35 /* Products */;
			projectDirPath = "";
			projectRoot = "";
			targets = (
				A868641423DF7B7D00EBFA35 /* TripPlanner */,
			);
		};
/* End PBXProject section */

/* Begin PBXResourcesBuildPhase section */
		A868641323DF7B7D00EBFA35 /* Resources */ = {
			isa = PBXResourcesBuildPhase;
			buildActionMask = 2147483647;
			files = (
				A868642523DF7B7E00EBFA35 /* LaunchScreen.storyboard in Resources */,
				A868642223DF7B7E00EBFA35 /* Assets.xcassets in Resources */,
				A868642023DF7B7D00EBFA35 /* Main.storyboard in Resources */,
			);
			runOnlyForDeploymentPostprocessing = 0;
		};
/* End PBXResourcesBuildPhase section */

/* Begin PBXSourcesBuildPhase section */
		A868641123DF7B7D00EBFA35 /* Sources */ = {
			isa = PBXSourcesBuildPhase;
			buildActionMask = 2147483647;
			files = (
				A8A1071323E0BC2F008C4D59 /* MenuSlideInTransition.swift in Sources */,
				A8A1074223E2663D008C4D59 /* ContactsViewController.swift in Sources */,
				A868641923DF7B7D00EBFA35 /* AppDelegate.swift in Sources */,
				A868641B23DF7B7D00EBFA35 /* SceneDelegate.swift in Sources */,
				A868643123DF89B600EBFA35 /* ContainerController.swift in Sources */,
				A868643523DF89E300EBFA35 /* MenuViewController.swift in Sources */,
				A868643323DF89D400EBFA35 /* EventsMainViewController.swift in Sources */,
				A8A1074423E2665A008C4D59 /* SettingsViewController.swift in Sources */,
			);
			runOnlyForDeploymentPostprocessing = 0;
		};
/* End PBXSourcesBuildPhase section */

/* Begin PBXVariantGroup section */
		A868641E23DF7B7D00EBFA35 /* Main.storyboard */ = {
			isa = PBXVariantGroup;
			children = (
				A868641F23DF7B7D00EBFA35 /* Base */,
			);
			name = Main.storyboard;
			sourceTree = "<group>";
		};
		A868642323DF7B7E00EBFA35 /* LaunchScreen.storyboard */ = {
			isa = PBXVariantGroup;
			children = (
				A868642423DF7B7E00EBFA35 /* Base */,
			);
			name = LaunchScreen.storyboard;
			sourceTree = "<group>";
		};
/* End PBXVariantGroup section */

/* Begin XCBuildConfiguration section */
		A868642723DF7B7E00EBFA35 /* Debug */ = {
			isa = XCBuildConfiguration;
			buildSettings = {
				ALWAYS_SEARCH_USER_PATHS = NO;
				CLANG_ANALYZER_NONNULL = YES;
				CLANG_ANALYZER_NUMBER_OBJECT_CONVERSION = YES_AGGRESSIVE;
				CLANG_CXX_LANGUAGE_STANDARD = "gnu++14";
				CLANG_CXX_LIBRARY = "libc++";
				CLANG_ENABLE_MODULES = YES;
				CLANG_ENABLE_OBJC_ARC = YES;
				CLANG_ENABLE_OBJC_WEAK = YES;
				CLANG_WARN_BLOCK_CAPTURE_AUTORELEASING = YES;
				CLANG_WARN_BOOL_CONVERSION = YES;
				CLANG_WARN_COMMA = YES;
				CLANG_WARN_CONSTANT_CONVERSION = YES;
				CLANG_WARN_DEPRECATED_OBJC_IMPLEMENTATIONS = YES;
				CLANG_WARN_DIRECT_OBJC_ISA_USAGE = YES_ERROR;
				CLANG_WARN_DOCUMENTATION_COMMENTS = YES;
				CLANG_WARN_EMPTY_BODY = YES;
				CLANG_WARN_ENUM_CONVERSION = YES;
				CLANG_WARN_INFINITE_RECURSION = YES;
				CLANG_WARN_INT_CONVERSION = YES;
				CLANG_WARN_NON_LITERAL_NULL_CONVERSION = YES;
				CLANG_WARN_OBJC_IMPLICIT_RETAIN_SELF = YES;
				CLANG_WARN_OBJC_LITERAL_CONVERSION = YES;
				CLANG_WARN_OBJC_ROOT_CLASS = YES_ERROR;
				CLANG_WARN_RANGE_LOOP_ANALYSIS = YES;
				CLANG_WARN_STRICT_PROTOTYPES = YES;
				CLANG_WARN_SUSPICIOUS_MOVE = YES;
				CLANG_WARN_UNGUARDED_AVAILABILITY = YES_AGGRESSIVE;
				CLANG_WARN_UNREACHABLE_CODE = YES;
				CLANG_WARN__DUPLICATE_METHOD_MATCH = YES;
				COPY_PHASE_STRIP = NO;
				DEBUG_INFORMATION_FORMAT = dwarf;
				ENABLE_STRICT_OBJC_MSGSEND = YES;
				ENABLE_TESTABILITY = YES;
				GCC_C_LANGUAGE_STANDARD = gnu11;
				GCC_DYNAMIC_NO_PIC = NO;
				GCC_NO_COMMON_BLOCKS = YES;
				GCC_OPTIMIZATION_LEVEL = 0;
				GCC_PREPROCESSOR_DEFINITIONS = (
					"DEBUG=1",
					"$(inherited)",
				);
				GCC_WARN_64_TO_32_BIT_CONVERSION = YES;
				GCC_WARN_ABOUT_RETURN_TYPE = YES_ERROR;
				GCC_WARN_UNDECLARED_SELECTOR = YES;
				GCC_WARN_UNINITIALIZED_AUTOS = YES_AGGRESSIVE;
				GCC_WARN_UNUSED_FUNCTION = YES;
				GCC_WARN_UNUSED_VARIABLE = YES;
				IPHONEOS_DEPLOYMENT_TARGET = 13.2;
				MTL_ENABLE_DEBUG_INFO = INCLUDE_SOURCE;
				MTL_FAST_MATH = YES;
				ONLY_ACTIVE_ARCH = YES;
				SDKROOT = iphoneos;
				SWIFT_ACTIVE_COMPILATION_CONDITIONS = DEBUG;
				SWIFT_OPTIMIZATION_LEVEL = "-Onone";
			};
			name = Debug;
		};
		A868642823DF7B7E00EBFA35 /* Release */ = {
			isa = XCBuildConfiguration;
			buildSettings = {
				ALWAYS_SEARCH_USER_PATHS = NO;
				CLANG_ANALYZER_NONNULL = YES;
				CLANG_ANALYZER_NUMBER_OBJECT_CONVERSION = YES_AGGRESSIVE;
				CLANG_CXX_LANGUAGE_STANDARD = "gnu++14";
				CLANG_CXX_LIBRARY = "libc++";
				CLANG_ENABLE_MODULES = YES;
				CLANG_ENABLE_OBJC_ARC = YES;
				CLANG_ENABLE_OBJC_WEAK = YES;
				CLANG_WARN_BLOCK_CAPTURE_AUTORELEASING = YES;
				CLANG_WARN_BOOL_CONVERSION = YES;
				CLANG_WARN_COMMA = YES;
				CLANG_WARN_CONSTANT_CONVERSION = YES;
				CLANG_WARN_DEPRECATED_OBJC_IMPLEMENTATIONS = YES;
				CLANG_WARN_DIRECT_OBJC_ISA_USAGE = YES_ERROR;
				CLANG_WARN_DOCUMENTATION_COMMENTS = YES;
				CLANG_WARN_EMPTY_BODY = YES;
				CLANG_WARN_ENUM_CONVERSION = YES;
				CLANG_WARN_INFINITE_RECURSION = YES;
				CLANG_WARN_INT_CONVERSION = YES;
				CLANG_WARN_NON_LITERAL_NULL_CONVERSION = YES;
				CLANG_WARN_OBJC_IMPLICIT_RETAIN_SELF = YES;
				CLANG_WARN_OBJC_LITERAL_CONVERSION = YES;
				CLANG_WARN_OBJC_ROOT_CLASS = YES_ERROR;
				CLANG_WARN_RANGE_LOOP_ANALYSIS = YES;
				CLANG_WARN_STRICT_PROTOTYPES = YES;
				CLANG_WARN_SUSPICIOUS_MOVE = YES;
				CLANG_WARN_UNGUARDED_AVAILABILITY = YES_AGGRESSIVE;
				CLANG_WARN_UNREACHABLE_CODE = YES;
				CLANG_WARN__DUPLICATE_METHOD_MATCH = YES;
				COPY_PHASE_STRIP = NO;
				DEBUG_INFORMATION_FORMAT = "dwarf-with-dsym";
				ENABLE_NS_ASSERTIONS = NO;
				ENABLE_STRICT_OBJC_MSGSEND = YES;
				GCC_C_LANGUAGE_STANDARD = gnu11;
				GCC_NO_COMMON_BLOCKS = YES;
				GCC_WARN_64_TO_32_BIT_CONVERSION = YES;
				GCC_WARN_ABOUT_RETURN_TYPE = YES_ERROR;
				GCC_WARN_UNDECLARED_SELECTOR = YES;
				GCC_WARN_UNINITIALIZED_AUTOS = YES_AGGRESSIVE;
				GCC_WARN_UNUSED_FUNCTION = YES;
				GCC_WARN_UNUSED_VARIABLE = YES;
				IPHONEOS_DEPLOYMENT_TARGET = 13.2;
				MTL_ENABLE_DEBUG_INFO = NO;
				MTL_FAST_MATH = YES;
				SDKROOT = iphoneos;
				SWIFT_COMPILATION_MODE = wholemodule;
				SWIFT_OPTIMIZATION_LEVEL = "-O";
				VALIDATE_PRODUCT = YES;
			};
			name = Release;
		};
		A868642A23DF7B7E00EBFA35 /* Debug */ = {
			isa = XCBuildConfiguration;
			buildSettings = {
				ASSETCATALOG_COMPILER_APPICON_NAME = AppIcon;
				CODE_SIGN_STYLE = Automatic;
				DEVELOPMENT_TEAM = B99X987539;
				INFOPLIST_FILE = TripPlanner/Info.plist;
				LD_RUNPATH_SEARCH_PATHS = (
					"$(inherited)",
					"@executable_path/Frameworks",
				);
				PRODUCT_BUNDLE_IDENTIFIER = com.chenmo.test.TripPlanner;
				PRODUCT_NAME = "$(TARGET_NAME)";
				SWIFT_VERSION = 5.0;
				TARGETED_DEVICE_FAMILY = "1,2";
			};
			name = Debug;
		};
		A868642B23DF7B7E00EBFA35 /* Release */ = {
			isa = XCBuildConfiguration;
			buildSettings = {
				ASSETCATALOG_COMPILER_APPICON_NAME = AppIcon;
				CODE_SIGN_STYLE = Automatic;
				DEVELOPMENT_TEAM = B99X987539;
				INFOPLIST_FILE = TripPlanner/Info.plist;
				LD_RUNPATH_SEARCH_PATHS = (
					"$(inherited)",
					"@executable_path/Frameworks",
				);
				PRODUCT_BUNDLE_IDENTIFIER = com.chenmo.test.TripPlanner;
				PRODUCT_NAME = "$(TARGET_NAME)";
				SWIFT_VERSION = 5.0;
				TARGETED_DEVICE_FAMILY = "1,2";
			};
			name = Release;
		};
/* End XCBuildConfiguration section */

/* Begin XCConfigurationList section */
		A868641023DF7B7D00EBFA35 /* Build configuration list for PBXProject "TripPlanner" */ = {
			isa = XCConfigurationList;
			buildConfigurations = (
				A868642723DF7B7E00EBFA35 /* Debug */,
				A868642823DF7B7E00EBFA35 /* Release */,
			);
			defaultConfigurationIsVisible = 0;
			defaultConfigurationName = Release;
		};
		A868642923DF7B7E00EBFA35 /* Build configuration list for PBXNativeTarget "TripPlanner" */ = {
			isa = XCConfigurationList;
			buildConfigurations = (
				A868642A23DF7B7E00EBFA35 /* Debug */,
				A868642B23DF7B7E00EBFA35 /* Release */,
			);
			defaultConfigurationIsVisible = 0;
			defaultConfigurationName = Release;
		};
/* End XCConfigurationList section */
	};
	rootObject = A868640D23DF7B7D00EBFA35 /* Project object */;
}
